
Microsoft Visual Studio Solution File, Format Version 12.00
# Visual Studio 15
VisualStudioVersion = 15.0.28307.645
MinimumVisualStudioVersion = 10.0.40219.1
Project("{FAE04EC0-301F-11D3-BF4B-00C04F79EFBC}") = "HelloXamarinWorld", "HelloXamarinWorld\HelloXamarinWorld\HelloXamarinWorld.csproj", "{414B629E-414A-4D07-9E58-A0EEA6AB709A}"
EndProject
Project("{FAE04EC0-301F-11D3-BF4B-00C04F79EFBC}") = "HelloXamarinWorld.Android", "HelloXamarinWorld\HelloXamarinWorld.Android\HelloXamarinWorld.Android.csproj", "{3A95B32C-B203-4FDB-A795-6053112D4BAE}"
EndProject
Project("{FAE04EC0-301F-11D3-BF4B-00C04F79EFBC}") = "HelloXamarinWorld.iOS", "HelloXamarinWorld\HelloXamarinWorld.iOS\HelloXamarinWorld.iOS.csproj", "{3CAC036A-ED01-45F8-80E2-635229AB4054}"
EndProject
Project("{FAE04EC0-301F-11D3-BF4B-00C04F79EFBC}") = "HelloXamarinWorld.UWP", "HelloXamarinWorld\HelloXamarinWorld.UWP\HelloXamarinWorld.UWP.csproj", "{FD72CB6E-6BF9-4957-93BA-DF3A166228A5}"
EndProject
Global
	GlobalSection(SolutionConfigurationPlatforms) = preSolution
		Ad-Hoc|Any CPU = Ad-Hoc|Any CPU
		Ad-Hoc|ARM = Ad-Hoc|ARM
		Ad-Hoc|iPhone = Ad-Hoc|iPhone
		Ad-Hoc|iPhoneSimulator = Ad-Hoc|iPhoneSimulator
		Ad-Hoc|x64 = Ad-Hoc|x64
		Ad-Hoc|x86 = Ad-Hoc|x86
		AppStore|Any CPU = AppStore|Any CPU
		AppStore|ARM = AppStore|ARM
		AppStore|iPhone = AppStore|iPhone
		AppStore|iPhoneSimulator = AppStore|iPhoneSimulator
		AppStore|x64 = AppStore|x64
		AppStore|x86 = AppStore|x86
		Debug|Any CPU = Debug|Any CPU
		Debug|ARM = Debug|ARM
		Debug|iPhone = Debug|iPhone
		Debug|iPhoneSimulator = Debug|iPhoneSimulator
		Debug|x64 = Debug|x64
		Debug|x86 = Debug|x86
		Release|Any CPU = Release|Any CPU
		Release|ARM = Release|ARM
		Release|iPhone = Release|iPhone
		Release|iPhoneSimulator = Release|iPhoneSimulator
		Release|x64 = Release|x64
		Release|x86 = Release|x86
	EndGlobalSection
	GlobalSection(ProjectConfigurationPlatforms) = postSolution
		{414B629E-414A-4D07-9E58-A0EEA6AB709A}.Ad-Hoc|Any CPU.ActiveCfg = Debug|Any CPU
		{414B629E-414A-4D07-9E58-A0EEA6AB709A}.Ad-Hoc|Any CPU.Build.0 = Debug|Any CPU
		{414B629E-414A-4D07-9E58-A0EEA6AB709A}.Ad-Hoc|ARM.ActiveCfg = Debug|Any CPU
		{414B629E-414A-4D07-9E58-A0EEA6AB709A}.Ad-Hoc|ARM.Build.0 = Debug|Any CPU
		{414B629E-414A-4D07-9E58-A0EEA6AB709A}.Ad-Hoc|iPhone.ActiveCfg = Debug|Any CPU
		{414B629E-414A-4D07-9E58-A0EEA6AB709A}.Ad-Hoc|iPhone.Build.0 = Debug|Any CPU
		{414B629E-414A-4D07-9E58-A0EEA6AB709A}.Ad-Hoc|iPhoneSimulator.ActiveCfg = Debug|Any CPU
		{414B629E-414A-4D07-9E58-A0EEA6AB709A}.Ad-Hoc|iPhoneSimulator.Build.0 = Debug|Any CPU
		{414B629E-414A-4D07-9E58-A0EEA6AB709A}.Ad-Hoc|x64.ActiveCfg = Debug|Any CPU
		{414B629E-414A-4D07-9E58-A0EEA6AB709A}.Ad-Hoc|x64.Build.0 = Debug|Any CPU
		{414B629E-414A-4D07-9E58-A0EEA6AB709A}.Ad-Hoc|x86.ActiveCfg = Debug|Any CPU
		{414B629E-414A-4D07-9E58-A0EEA6AB709A}.Ad-Hoc|x86.Build.0 = Debug|Any CPU
		{414B629E-414A-4D07-9E58-A0EEA6AB709A}.AppStore|Any CPU.ActiveCfg = Debug|Any CPU
		{414B629E-414A-4D07-9E58-A0EEA6AB709A}.AppStore|Any CPU.Build.0 = Debug|Any CPU
		{414B629E-414A-4D07-9E58-A0EEA6AB709A}.AppStore|ARM.ActiveCfg = Debug|Any CPU
		{414B629E-414A-4D07-9E58-A0EEA6AB709A}.AppStore|ARM.Build.0 = Debug|Any CPU
		{414B629E-414A-4D07-9E58-A0EEA6AB709A}.AppStore|iPhone.ActiveCfg = Debug|Any CPU
		{414B629E-414A-4D07-9E58-A0EEA6AB709A}.AppStore|iPhone.Build.0 = Debug|Any CPU
		{414B629E-414A-4D07-9E58-A0EEA6AB709A}.AppStore|iPhoneSimulator.ActiveCfg = Debug|Any CPU
		{414B629E-414A-4D07-9E58-A0EEA6AB709A}.AppStore|iPhoneSimulator.Build.0 = Debug|Any CPU
		{414B629E-414A-4D07-9E58-A0EEA6AB709A}.AppStore|x64.ActiveCfg = Debug|Any CPU
		{414B629E-414A-4D07-9E58-A0EEA6AB709A}.AppStore|x64.Build.0 = Debug|Any CPU
		{414B629E-414A-4D07-9E58-A0EEA6AB709A}.AppStore|x86.ActiveCfg = Debug|Any CPU
		{414B629E-414A-4D07-9E58-A0EEA6AB709A}.AppStore|x86.Build.0 = Debug|Any CPU
		{414B629E-414A-4D07-9E58-A0EEA6AB709A}.Debug|Any CPU.ActiveCfg = Debug|Any CPU
		{414B629E-414A-4D07-9E58-A0EEA6AB709A}.Debug|Any CPU.Build.0 = Debug|Any CPU
		{414B629E-414A-4D07-9E58-A0EEA6AB709A}.Debug|ARM.ActiveCfg = Debug|Any CPU
		{414B629E-414A-4D07-9E58-A0EEA6AB709A}.Debug|ARM.Build.0 = Debug|Any CPU
		{414B629E-414A-4D07-9E58-A0EEA6AB709A}.Debug|iPhone.ActiveCfg = Debug|Any CPU
		{414B629E-414A-4D07-9E58-A0EEA6AB709A}.Debug|iPhone.Build.0 = Debug|Any CPU
		{414B629E-414A-4D07-9E58-A0EEA6AB709A}.Debug|iPhoneSimulator.ActiveCfg = Debug|Any CPU
		{414B629E-414A-4D07-9E58-A0EEA6AB709A}.Debug|iPhoneSimulator.Build.0 = Debug|Any CPU
		{414B629E-414A-4D07-9E58-A0EEA6AB709A}.Debug|x64.ActiveCfg = Debug|Any CPU
		{414B629E-414A-4D07-9E58-A0EEA6AB709A}.Debug|x64.Build.0 = Debug|Any CPU
		{414B629E-414A-4D07-9E58-A0EEA6AB709A}.Debug|x86.ActiveCfg = Debug|Any CPU
		{414B629E-414A-4D07-9E58-A0EEA6AB709A}.Debug|x86.Build.0 = Debug|Any CPU
		{414B629E-414A-4D07-9E58-A0EEA6AB709A}.Release|Any CPU.ActiveCfg = Release|Any CPU
		{414B629E-414A-4D07-9E58-A0EEA6AB709A}.Release|Any CPU.Build.0 = Release|Any CPU
		{414B629E-414A-4D07-9E58-A0EEA6AB709A}.Release|ARM.ActiveCfg = Release|Any CPU
		{414B629E-414A-4D07-9E58-A0EEA6AB709A}.Release|ARM.Build.0 = Release|Any CPU
		{414B629E-414A-4D07-9E58-A0EEA6AB709A}.Release|iPhone.ActiveCfg = Release|Any CPU
		{414B629E-414A-4D07-9E58-A0EEA6AB709A}.Release|iPhone.Build.0 = Release|Any CPU
		{414B629E-414A-4D07-9E58-A0EEA6AB709A}.Release|iPhoneSimulator.ActiveCfg = Release|Any CPU
		{414B629E-414A-4D07-9E58-A0EEA6AB709A}.Release|iPhoneSimulator.Build.0 = Release|Any CPU
		{414B629E-414A-4D07-9E58-A0EEA6AB709A}.Release|x64.ActiveCfg = Release|Any CPU
		{414B629E-414A-4D07-9E58-A0EEA6AB709A}.Release|x64.Build.0 = Release|Any CPU
		{414B629E-414A-4D07-9E58-A0EEA6AB709A}.Release|x86.ActiveCfg = Release|Any CPU
		{414B629E-414A-4D07-9E58-A0EEA6AB709A}.Release|x86.Build.0 = Release|Any CPU
		{3A95B32C-B203-4FDB-A795-6053112D4BAE}.Ad-Hoc|Any CPU.ActiveCfg = Release|Any CPU
		{3A95B32C-B203-4FDB-A795-6053112D4BAE}.Ad-Hoc|Any CPU.Build.0 = Release|Any CPU
		{3A95B32C-B203-4FDB-A795-6053112D4BAE}.Ad-Hoc|Any CPU.Deploy.0 = Release|Any CPU
		{3A95B32C-B203-4FDB-A795-6053112D4BAE}.Ad-Hoc|ARM.ActiveCfg = Release|Any CPU
		{3A95B32C-B203-4FDB-A795-6053112D4BAE}.Ad-Hoc|ARM.Build.0 = Release|Any CPU
		{3A95B32C-B203-4FDB-A795-6053112D4BAE}.Ad-Hoc|ARM.Deploy.0 = Release|Any CPU
		{3A95B32C-B203-4FDB-A795-6053112D4BAE}.Ad-Hoc|iPhone.ActiveCfg = Release|Any CPU
		{3A95B32C-B203-4FDB-A795-6053112D4BAE}.Ad-Hoc|iPhone.Build.0 = Release|Any CPU
		{3A95B32C-B203-4FDB-A795-6053112D4BAE}.Ad-Hoc|iPhone.Deploy.0 = Release|Any CPU
		{3A95B32C-B203-4FDB-A795-6053112D4BAE}.Ad-Hoc|iPhoneSimulator.ActiveCfg = Release|Any CPU
		{3A95B32C-B203-4FDB-A795-6053112D4BAE}.Ad-Hoc|iPhoneSimulator.Build.0 = Release|Any CPU
		{3A95B32C-B203-4FDB-A795-6053112D4BAE}.Ad-Hoc|iPhoneSimulator.Deploy.0 = Release|Any CPU
		{3A95B32C-B203-4FDB-A795-6053112D4BAE}.Ad-Hoc|x64.ActiveCfg = Release|Any CPU
		{3A95B32C-B203-4FDB-A795-6053112D4BAE}.Ad-Hoc|x64.Build.0 = Release|Any CPU
		{3A95B32C-B203-4FDB-A795-6053112D4BAE}.Ad-Hoc|x64.Deploy.0 = Release|Any CPU
		{3A95B32C-B203-4FDB-A795-6053112D4BAE}.Ad-Hoc|x86.ActiveCfg = Release|Any CPU
		{3A95B32C-B203-4FDB-A795-6053112D4BAE}.Ad-Hoc|x86.Build.0 = Release|Any CPU
		{3A95B32C-B203-4FDB-A795-6053112D4BAE}.Ad-Hoc|x86.Deploy.0 = Release|Any CPU
		{3A95B32C-B203-4FDB-A795-6053112D4BAE}.AppStore|Any CPU.ActiveCfg = Release|Any CPU
		{3A95B32C-B203-4FDB-A795-6053112D4BAE}.AppStore|Any CPU.Build.0 = Release|Any CPU
		{3A95B32C-B203-4FDB-A795-6053112D4BAE}.AppStore|Any CPU.Deploy.0 = Release|Any CPU
		{3A95B32C-B203-4FDB-A795-6053112D4BAE}.AppStore|ARM.ActiveCfg = Release|Any CPU
		{3A95B32C-B203-4FDB-A795-6053112D4BAE}.AppStore|ARM.Build.0 = Release|Any CPU
		{3A95B32C-B203-4FDB-A795-6053112D4BAE}.AppStore|ARM.Deploy.0 = Release|Any CPU
		{3A95B32C-B203-4FDB-A795-6053112D4BAE}.AppStore|iPhone.ActiveCfg = Release|Any CPU
		{3A95B32C-B203-4FDB-A795-6053112D4BAE}.AppStore|iPhone.Build.0 = Release|Any CPU
		{3A95B32C-B203-4FDB-A795-6053112D4BAE}.AppStore|iPhone.Deploy.0 = Release|Any CPU
		{3A95B32C-B203-4FDB-A795-6053112D4BAE}.AppStore|iPhoneSimulator.ActiveCfg = Release|Any CPU
		{3A95B32C-B203-4FDB-A795-6053112D4BAE}.AppStore|iPhoneSimulator.Build.0 = Release|Any CPU
		{3A95B32C-B203-4FDB-A795-6053112D4BAE}.AppStore|iPhoneSimulator.Deploy.0 = Release|Any CPU
		{3A95B32C-B203-4FDB-A795-6053112D4BAE}.AppStore|x64.ActiveCfg = Release|Any CPU
		{3A95B32C-B203-4FDB-A795-6053112D4BAE}.AppStore|x64.Build.0 = Release|Any CPU
		{3A95B32C-B203-4FDB-A795-6053112D4BAE}.AppStore|x64.Deploy.0 = Release|Any CPU
		{3A95B32C-B203-4FDB-A795-6053112D4BAE}.AppStore|x86.ActiveCfg = Release|Any CPU
		{3A95B32C-B203-4FDB-A795-6053112D4BAE}.AppStore|x86.Build.0 = Release|Any CPU
		{3A95B32C-B203-4FDB-A795-6053112D4BAE}.AppStore|x86.Deploy.0 = Release|Any CPU
		{3A95B32C-B203-4FDB-A795-6053112D4BAE}.Debug|Any CPU.ActiveCfg = Debug|Any CPU
		{3A95B32C-B203-4FDB-A795-6053112D4BAE}.Debug|Any CPU.Build.0 = Debug|Any CPU
		{3A95B32C-B203-4FDB-A795-6053112D4BAE}.Debug|Any CPU.Deploy.0 = Debug|Any CPU
		{3A95B32C-B203-4FDB-A795-6053112D4BAE}.Debug|ARM.ActiveCfg = Debug|Any CPU
		{3A95B32C-B203-4FDB-A795-6053112D4BAE}.Debug|ARM.Build.0 = Debug|Any CPU
		{3A95B32C-B203-4FDB-A795-6053112D4BAE}.Debug|ARM.Deploy.0 = Debug|Any CPU
		{3A95B32C-B203-4FDB-A795-6053112D4BAE}.Debug|iPhone.ActiveCfg = Debug|Any CPU
		{3A95B32C-B203-4FDB-A795-6053112D4BAE}.Debug|iPhone.Build.0 = Debug|Any CPU
		{3A95B32C-B203-4FDB-A795-6053112D4BAE}.Debug|iPhone.Deploy.0 = Debug|Any CPU
		{3A95B32C-B203-4FDB-A795-6053112D4BAE}.Debug|iPhoneSimulator.ActiveCfg = Debug|Any CPU
		{3A95B32C-B203-4FDB-A795-6053112D4BAE}.Debug|iPhoneSimulator.Build.0 = Debug|Any CPU
		{3A95B32C-B203-4FDB-A795-6053112D4BAE}.Debug|iPhoneSimulator.Deploy.0 = Debug|Any CPU
		{3A95B32C-B203-4FDB-A795-6053112D4BAE}.Debug|x64.ActiveCfg = Debug|Any CPU
		{3A95B32C-B203-4FDB-A795-6053112D4BAE}.Debug|x64.Build.0 = Debug|Any CPU
		{3A95B32C-B203-4FDB-A795-6053112D4BAE}.Debug|x64.Deploy.0 = Debug|Any CPU
		{3A95B32C-B203-4FDB-A795-6053112D4BAE}.Debug|x86.ActiveCfg = Debug|Any CPU
		{3A95B32C-B203-4FDB-A795-6053112D4BAE}.Debug|x86.Build.0 = Debug|Any CPU
		{3A95B32C-B203-4FDB-A795-6053112D4BAE}.Debug|x86.Deploy.0 = Debug|Any CPU
		{3A95B32C-B203-4FDB-A795-6053112D4BAE}.Release|Any CPU.ActiveCfg = Release|Any CPU
		{3A95B32C-B203-4FDB-A795-6053112D4BAE}.Release|Any CPU.Build.0 = Release|Any CPU
		{3A95B32C-B203-4FDB-A795-6053112D4BAE}.Release|Any CPU.Deploy.0 = Release|Any CPU
		{3A95B32C-B203-4FDB-A795-6053112D4BAE}.Release|ARM.ActiveCfg = Release|Any CPU
		{3A95B32C-B203-4FDB-A795-6053112D4BAE}.Release|ARM.Build.0 = Release|Any CPU
		{3A95B32C-B203-4FDB-A795-6053112D4BAE}.Release|ARM.Deploy.0 = Release|Any CPU
		{3A95B32C-B203-4FDB-A795-6053112D4BAE}.Release|iPhone.ActiveCfg = Release|Any CPU
		{3A95B32C-B203-4FDB-A795-6053112D4BAE}.Release|iPhone.Build.0 = Release|Any CPU
		{3A95B32C-B203-4FDB-A795-6053112D4BAE}.Release|iPhone.Deploy.0 = Release|Any CPU
		{3A95B32C-B203-4FDB-A795-6053112D4BAE}.Release|iPhoneSimulator.ActiveCfg = Release|Any CPU
		{3A95B32C-B203-4FDB-A795-6053112D4BAE}.Release|iPhoneSimulator.Build.0 = Release|Any CPU
		{3A95B32C-B203-4FDB-A795-6053112D4BAE}.Release|iPhoneSimulator.Deploy.0 = Release|Any CPU
		{3A95B32C-B203-4FDB-A795-6053112D4BAE}.Release|x64.ActiveCfg = Release|Any CPU
		{3A95B32C-B203-4FDB-A795-6053112D4BAE}.Release|x64.Build.0 = Release|Any CPU
		{3A95B32C-B203-4FDB-A795-6053112D4BAE}.Release|x64.Deploy.0 = Release|Any CPU
		{3A95B32C-B203-4FDB-A795-6053112D4BAE}.Release|x86.ActiveCfg = Release|Any CPU
		{3A95B32C-B203-4FDB-A795-6053112D4BAE}.Release|x86.Build.0 = Release|Any CPU
		{3A95B32C-B203-4FDB-A795-6053112D4BAE}.Release|x86.Deploy.0 = Release|Any CPU
		{3CAC036A-ED01-45F8-80E2-635229AB4054}.Ad-Hoc|Any CPU.ActiveCfg = Ad-Hoc|iPhone
		{3CAC036A-ED01-45F8-80E2-635229AB4054}.Ad-Hoc|ARM.ActiveCfg = Ad-Hoc|iPhone
		{3CAC036A-ED01-45F8-80E2-635229AB4054}.Ad-Hoc|iPhone.ActiveCfg = Ad-Hoc|iPhone
		{3CAC036A-ED01-45F8-80E2-635229AB4054}.Ad-Hoc|iPhone.Build.0 = Ad-Hoc|iPhone
		{3CAC036A-ED01-45F8-80E2-635229AB4054}.Ad-Hoc|iPhoneSimulator.ActiveCfg = Ad-Hoc|iPhoneSimulator
		{3CAC036A-ED01-45F8-80E2-635229AB4054}.Ad-Hoc|iPhoneSimulator.Build.0 = Ad-Hoc|iPhoneSimulator
		{3CAC036A-ED01-45F8-80E2-635229AB4054}.Ad-Hoc|x64.ActiveCfg = Ad-Hoc|iPhone
		{3CAC036A-ED01-45F8-80E2-635229AB4054}.Ad-Hoc|x86.ActiveCfg = Ad-Hoc|iPhone
		{3CAC036A-ED01-45F8-80E2-635229AB4054}.AppStore|Any CPU.ActiveCfg = AppStore|iPhone
		{3CAC036A-ED01-45F8-80E2-635229AB4054}.AppStore|ARM.ActiveCfg = AppStore|iPhone
		{3CAC036A-ED01-45F8-80E2-635229AB4054}.AppStore|iPhone.ActiveCfg = AppStore|iPhone
		{3CAC036A-ED01-45F8-80E2-635229AB4054}.AppStore|iPhone.Build.0 = AppStore|iPhone
		{3CAC036A-ED01-45F8-80E2-635229AB4054}.AppStore|iPhoneSimulator.ActiveCfg = AppStore|iPhoneSimulator
		{3CAC036A-ED01-45F8-80E2-635229AB4054}.AppStore|iPhoneSimulator.Build.0 = AppStore|iPhoneSimulator
		{3CAC036A-ED01-45F8-80E2-635229AB4054}.AppStore|x64.ActiveCfg = AppStore|iPhone
		{3CAC036A-ED01-45F8-80E2-635229AB4054}.AppStore|x86.ActiveCfg = AppStore|iPhone
		{3CAC036A-ED01-45F8-80E2-635229AB4054}.Debug|Any CPU.ActiveCfg = Debug|iPhone
		{3CAC036A-ED01-45F8-80E2-635229AB4054}.Debug|ARM.ActiveCfg = Debug|iPhone
		{3CAC036A-ED01-45F8-80E2-635229AB4054}.Debug|iPhone.ActiveCfg = Debug|iPhone
		{3CAC036A-ED01-45F8-80E2-635229AB4054}.Debug|iPhone.Build.0 = Debug|iPhone
		{3CAC036A-ED01-45F8-80E2-635229AB4054}.Debug|iPhoneSimulator.ActiveCfg = Debug|iPhoneSimulator
		{3CAC036A-ED01-45F8-80E2-635229AB4054}.Debug|iPhoneSimulator.Build.0 = Debug|iPhoneSimulator
		{3CAC036A-ED01-45F8-80E2-635229AB4054}.Debug|x64.ActiveCfg = Debug|iPhone
		{3CAC036A-ED01-45F8-80E2-635229AB4054}.Debug|x86.ActiveCfg = Debug|iPhone
		{3CAC036A-ED01-45F8-80E2-635229AB4054}.Release|Any CPU.ActiveCfg = Release|iPhone
		{3CAC036A-ED01-45F8-80E2-635229AB4054}.Release|ARM.ActiveCfg = Release|iPhone
		{3CAC036A-ED01-45F8-80E2-635229AB4054}.Release|iPhone.ActiveCfg = Release|iPhone
		{3CAC036A-ED01-45F8-80E2-635229AB4054}.Release|iPhone.Build.0 = Release|iPhone
		{3CAC036A-ED01-45F8-80E2-635229AB4054}.Release|iPhoneSimulator.ActiveCfg = Release|iPhoneSimulator
		{3CAC036A-ED01-45F8-80E2-635229AB4054}.Release|iPhoneSimulator.Build.0 = Release|iPhoneSimulator
		{3CAC036A-ED01-45F8-80E2-635229AB4054}.Release|x64.ActiveCfg = Release|iPhone
		{3CAC036A-ED01-45F8-80E2-635229AB4054}.Release|x86.ActiveCfg = Release|iPhone
		{FD72CB6E-6BF9-4957-93BA-DF3A166228A5}.Ad-Hoc|Any CPU.ActiveCfg = Release|x86
		{FD72CB6E-6BF9-4957-93BA-DF3A166228A5}.Ad-Hoc|Any CPU.Build.0 = Release|x86
		{FD72CB6E-6BF9-4957-93BA-DF3A166228A5}.Ad-Hoc|Any CPU.Deploy.0 = Release|x86
		{FD72CB6E-6BF9-4957-93BA-DF3A166228A5}.Ad-Hoc|ARM.ActiveCfg = Release|ARM
		{FD72CB6E-6BF9-4957-93BA-DF3A166228A5}.Ad-Hoc|ARM.Build.0 = Release|ARM
		{FD72CB6E-6BF9-4957-93BA-DF3A166228A5}.Ad-Hoc|ARM.Deploy.0 = Release|ARM
		{FD72CB6E-6BF9-4957-93BA-DF3A166228A5}.Ad-Hoc|iPhone.ActiveCfg = Release|x86
		{FD72CB6E-6BF9-4957-93BA-DF3A166228A5}.Ad-Hoc|iPhone.Build.0 = Release|x86
		{FD72CB6E-6BF9-4957-93BA-DF3A166228A5}.Ad-Hoc|iPhone.Deploy.0 = Release|x86
		{FD72CB6E-6BF9-4957-93BA-DF3A166228A5}.Ad-Hoc|iPhoneSimulator.ActiveCfg = Release|x86
		{FD72CB6E-6BF9-4957-93BA-DF3A166228A5}.Ad-Hoc|iPhoneSimulator.Build.0 = Release|x86
		{FD72CB6E-6BF9-4957-93BA-DF3A166228A5}.Ad-Hoc|iPhoneSimulator.Deploy.0 = Release|x86
		{FD72CB6E-6BF9-4957-93BA-DF3A166228A5}.Ad-Hoc|x64.ActiveCfg = Release|x64
		{FD72CB6E-6BF9-4957-93BA-DF3A166228A5}.Ad-Hoc|x64.Build.0 = Release|x64
		{FD72CB6E-6BF9-4957-93BA-DF3A166228A5}.Ad-Hoc|x64.Deploy.0 = Release|x64
		{FD72CB6E-6BF9-4957-93BA-DF3A166228A5}.Ad-Hoc|x86.ActiveCfg = Release|x86
		{FD72CB6E-6BF9-4957-93BA-DF3A166228A5}.Ad-Hoc|x86.Build.0 = Release|x86
		{FD72CB6E-6BF9-4957-93BA-DF3A166228A5}.Ad-Hoc|x86.Deploy.0 = Release|x86
		{FD72CB6E-6BF9-4957-93BA-DF3A166228A5}.AppStore|Any CPU.ActiveCfg = Release|x86
		{FD72CB6E-6BF9-4957-93BA-DF3A166228A5}.AppStore|Any CPU.Build.0 = Release|x86
		{FD72CB6E-6BF9-4957-93BA-DF3A166228A5}.AppStore|Any CPU.Deploy.0 = Release|x86
		{FD72CB6E-6BF9-4957-93BA-DF3A166228A5}.AppStore|ARM.ActiveCfg = Release|ARM
		{FD72CB6E-6BF9-4957-93BA-DF3A166228A5}.AppStore|ARM.Build.0 = Release|ARM
		{FD72CB6E-6BF9-4957-93BA-DF3A166228A5}.AppStore|ARM.Deploy.0 = Release|ARM
		{FD72CB6E-6BF9-4957-93BA-DF3A166228A5}.AppStore|iPhone.ActiveCfg = Release|x86
		{FD72CB6E-6BF9-4957-93BA-DF3A166228A5}.AppStore|iPhone.Build.0 = Release|x86
		{FD72CB6E-6BF9-4957-93BA-DF3A166228A5}.AppStore|iPhone.Deploy.0 = Release|x86
		{FD72CB6E-6BF9-4957-93BA-DF3A166228A5}.AppStore|iPhoneSimulator.ActiveCfg = Release|x86
		{FD72CB6E-6BF9-4957-93BA-DF3A166228A5}.AppStore|iPhoneSimulator.Build.0 = Release|x86
		{FD72CB6E-6BF9-4957-93BA-DF3A166228A5}.AppStore|iPhoneSimulator.Deploy.0 = Release|x86
		{FD72CB6E-6BF9-4957-93BA-DF3A166228A5}.AppStore|x64.ActiveCfg = Release|x64
		{FD72CB6E-6BF9-4957-93BA-DF3A166228A5}.AppStore|x64.Build.0 = Release|x64
		{FD72CB6E-6BF9-4957-93BA-DF3A166228A5}.AppStore|x64.Deploy.0 = Release|x64
		{FD72CB6E-6BF9-4957-93BA-DF3A166228A5}.AppStore|x86.ActiveCfg = Release|x86
		{FD72CB6E-6BF9-4957-93BA-DF3A166228A5}.AppStore|x86.Build.0 = Release|x86
		{FD72CB6E-6BF9-4957-93BA-DF3A166228A5}.AppStore|x86.Deploy.0 = Release|x86
		{FD72CB6E-6BF9-4957-93BA-DF3A166228A5}.Debug|Any CPU.ActiveCfg = Debug|x86
		{FD72CB6E-6BF9-4957-93BA-DF3A166228A5}.Debug|ARM.ActiveCfg = Debug|ARM
		{FD72CB6E-6BF9-4957-93BA-DF3A166228A5}.Debug|ARM.Build.0 = Debug|ARM
		{FD72CB6E-6BF9-4957-93BA-DF3A166228A5}.Debug|ARM.Deploy.0 = Debug|ARM
		{FD72CB6E-6BF9-4957-93BA-DF3A166228A5}.Debug|iPhone.ActiveCfg = Debug|x86
		{FD72CB6E-6BF9-4957-93BA-DF3A166228A5}.Debug|iPhoneSimulator.ActiveCfg = Debug|x86
		{FD72CB6E-6BF9-4957-93BA-DF3A166228A5}.Debug|x64.ActiveCfg = Debug|x64
		{FD72CB6E-6BF9-4957-93BA-DF3A166228A5}.Debug|x64.Build.0 = Debug|x64
		{FD72CB6E-6BF9-4957-93BA-DF3A166228A5}.Debug|x64.Deploy.0 = Debug|x64
		{FD72CB6E-6BF9-4957-93BA-DF3A166228A5}.Debug|x86.ActiveCfg = Debug|x86
		{FD72CB6E-6BF9-4957-93BA-DF3A166228A5}.Debug|x86.Build.0 = Debug|x86
		{FD72CB6E-6BF9-4957-93BA-DF3A166228A5}.Debug|x86.Deploy.0 = Debug|x86
		{FD72CB6E-6BF9-4957-93BA-DF3A166228A5}.Release|Any CPU.ActiveCfg = Release|x86
		{FD72CB6E-6BF9-4957-93BA-DF3A166228A5}.Release|ARM.ActiveCfg = Release|ARM
		{FD72CB6E-6BF9-4957-93BA-DF3A166228A5}.Release|ARM.Build.0 = Release|ARM
		{FD72CB6E-6BF9-4957-93BA-DF3A166228A5}.Release|ARM.Deploy.0 = Release|ARM
		{FD72CB6E-6BF9-4957-93BA-DF3A166228A5}.Release|iPhone.ActiveCfg = Release|x86
		{FD72CB6E-6BF9-4957-93BA-DF3A166228A5}.Release|iPhoneSimulator.ActiveCfg = Release|x86
		{FD72CB6E-6BF9-4957-93BA-DF3A166228A5}.Release|x64.ActiveCfg = Release|x64
		{FD72CB6E-6BF9-4957-93BA-DF3A166228A5}.Release|x64.Build.0 = Release|x64
		{FD72CB6E-6BF9-4957-93BA-DF3A166228A5}.Release|x64.Deploy.0 = Release|x64
		{FD72CB6E-6BF9-4957-93BA-DF3A166228A5}.Release|x86.ActiveCfg = Release|x86
		{FD72CB6E-6BF9-4957-93BA-DF3A166228A5}.Release|x86.Build.0 = Release|x86
		{FD72CB6E-6BF9-4957-93BA-DF3A166228A5}.Release|x86.Deploy.0 = Release|x86
	EndGlobalSection
	GlobalSection(SolutionProperties) = preSolution
		HideSolutionNode = FALSE
	EndGlobalSection
	GlobalSection(ExtensibilityGlobals) = postSolution
		SolutionGuid = {FCD59EE6-AC6F-4EA5-AC3A-163D9D518503}
	EndGlobalSection
EndGlobal
